{
  "name": "onlinetraining.miniprogram",
  "version": "1.0.0",
  "lockfileVersion": 1,
  "requires": true,
  "dependencies": {
    "cos-js-sdk-v5": {
      "version": "0.5.24",
      "resolved": "https://registry.npmjs.org/cos-js-sdk-v5/-/cos-js-sdk-v5-0.5.24.tgz",
      "integrity": "sha512-WsCvlVPoczLPV4mFa8R0TulNK8uEsFFPzQbD0F08Pa15yMl0PiSMAa9mviMsrbSgUxwzo88PiOrbfcgBi+4yXQ==",
      "requires": {
        "xmldom": "^0.1.27"
      }
    },
    "xmldom": {
      "version": "0.1.31",
      "resolved": "https://registry.npmjs.org/xmldom/-/xmldom-0.1.31.tgz",
      "integrity": "sha512-yS2uJflVQs6n+CyjHoaBmVSqIDevTAWrzMmjG1Gc7h1qQ7uVozNhEPJAwZXWyGQ/Gafo3fCwrcaokezLPupVyQ=="
    }
  }
}
